
Microsoft Visual Studio Solution File, Format Version 12.00
# Visual Studio 15
VisualStudioVersion = 15.0.28307.421
MinimumVisualStudioVersion = 10.0.40219.1
Project("{FAE04EC0-301F-11D3-BF4B-00C04F79EFBC}") = "MoviesMVC", "MoviesMVC\MoviesMVC.csproj", "{073D154A-358E-4C8D-ADB6-135B415017B8}"
EndProject
Global
	GlobalSection(SolutionConfigurationPlatforms) = preSolution
		Debug|Any CPU = Debug|Any CPU
		Release|Any CPU = Release|Any CPU
	EndGlobalSection
	GlobalSection(ProjectConfigurationPlatforms) = postSolution
		{073D154A-358E-4C8D-ADB6-135B415017B8}.Debug|Any CPU.ActiveCfg = Debug|Any CPU
		{073D154A-358E-4C8D-ADB6-135B415017B8}.Debug|Any CPU.Build.0 = Debug|Any CPU
		{073D154A-358E-4C8D-ADB6-135B415017B8}.Release|Any CPU.ActiveCfg = Release|Any CPU
		{073D154A-358E-4C8D-ADB6-135B415017B8}.Release|Any CPU.Build.0 = Release|Any CPU
	EndGlobalSection
	GlobalSection(SolutionProperties) = preSolution
		HideSolutionNode = FALSE
	EndGlobalSection
	GlobalSection(ExtensibilityGlobals) = postSolution
		SolutionGuid = {C6095E7A-97A6-4AE2-8320-B45CE598CFF6}
	EndGlobalSection
EndGlobal
